
Microsoft Visual Studio Solution File, Format Version 12.00
# Visual Studio Version 17
VisualStudioVersion = 17.0.31903.59
MinimumVisualStudioVersion = 10.0.40219.1
Project("{2150E333-8FDC-42A3-9474-1A3956D46DE8}") = "src", "src", "{827E0CD3-B72D-47B6-A68D-7590B98EB39B}"
EndProject
Project("{FAE04EC0-301F-11D3-BF4B-00C04F79EFBC}") = "HRMS.Domain", "src\HRMS.Domain\HRMS.Domain.csproj", "{99997073-88ED-4B62-9C6E-CE1A41FD92CE}"
EndProject
Project("{FAE04EC0-301F-11D3-BF4B-00C04F79EFBC}") = "HRMS.Application", "src\HRMS.Application\HRMS.Application.csproj", "{E5E9ED84-EDAF-40BD-8455-1FD486F65763}"
EndProject
Project("{FAE04EC0-301F-11D3-BF4B-00C04F79EFBC}") = "HRMS.Infrastructure", "src\HRMS.Infrastructure\HRMS.Infrastructure.csproj", "{791220D7-F513-4878-A321-1265C916C898}"
EndProject
Project("{FAE04EC0-301F-11D3-BF4B-00C04F79EFBC}") = "HRMS.API", "src\HRMS.API\HRMS.API.csproj", "{8935F276-7F8A-4188-AF04-3530CAD6C70B}"
EndProject
Project("{FAE04EC0-301F-11D3-BF4B-00C04F79EFBC}") = "HRMS.Tests", "tests\HRMS.Tests\HRMS.Tests.csproj", "{7CE1F39C-5BFC-433B-AFAE-2C76923C5520}"
EndProject
Global
	GlobalSection(SolutionConfigurationPlatforms) = preSolution
		Debug|Any CPU = Debug|Any CPU
		Debug|x64 = Debug|x64
		Debug|x86 = Debug|x86
		Release|Any CPU = Release|Any CPU
		Release|x64 = Release|x64
		Release|x86 = Release|x86
	EndGlobalSection
	GlobalSection(ProjectConfigurationPlatforms) = postSolution
		{99997073-88ED-4B62-9C6E-CE1A41FD92CE}.Debug|Any CPU.ActiveCfg = Debug|Any CPU
		{99997073-88ED-4B62-9C6E-CE1A41FD92CE}.Debug|Any CPU.Build.0 = Debug|Any CPU
		{99997073-88ED-4B62-9C6E-CE1A41FD92CE}.Debug|x64.ActiveCfg = Debug|Any CPU
		{99997073-88ED-4B62-9C6E-CE1A41FD92CE}.Debug|x64.Build.0 = Debug|Any CPU
		{99997073-88ED-4B62-9C6E-CE1A41FD92CE}.Debug|x86.ActiveCfg = Debug|Any CPU
		{99997073-88ED-4B62-9C6E-CE1A41FD92CE}.Debug|x86.Build.0 = Debug|Any CPU
		{99997073-88ED-4B62-9C6E-CE1A41FD92CE}.Release|Any CPU.ActiveCfg = Release|Any CPU
		{99997073-88ED-4B62-9C6E-CE1A41FD92CE}.Release|Any CPU.Build.0 = Release|Any CPU
		{99997073-88ED-4B62-9C6E-CE1A41FD92CE}.Release|x64.ActiveCfg = Release|Any CPU
		{99997073-88ED-4B62-9C6E-CE1A41FD92CE}.Release|x64.Build.0 = Release|Any CPU
		{99997073-88ED-4B62-9C6E-CE1A41FD92CE}.Release|x86.ActiveCfg = Release|Any CPU
		{99997073-88ED-4B62-9C6E-CE1A41FD92CE}.Release|x86.Build.0 = Release|Any CPU
		{E5E9ED84-EDAF-40BD-8455-1FD486F65763}.Debug|Any CPU.ActiveCfg = Debug|Any CPU
		{E5E9ED84-EDAF-40BD-8455-1FD486F65763}.Debug|Any CPU.Build.0 = Debug|Any CPU
		{E5E9ED84-EDAF-40BD-8455-1FD486F65763}.Debug|x64.ActiveCfg = Debug|Any CPU
		{E5E9ED84-EDAF-40BD-8455-1FD486F65763}.Debug|x64.Build.0 = Debug|Any CPU
		{E5E9ED84-EDAF-40BD-8455-1FD486F65763}.Debug|x86.ActiveCfg = Debug|Any CPU
		{E5E9ED84-EDAF-40BD-8455-1FD486F65763}.Debug|x86.Build.0 = Debug|Any CPU
		{E5E9ED84-EDAF-40BD-8455-1FD486F65763}.Release|Any CPU.ActiveCfg = Release|Any CPU
		{E5E9ED84-EDAF-40BD-8455-1FD486F65763}.Release|Any CPU.Build.0 = Release|Any CPU
		{E5E9ED84-EDAF-40BD-8455-1FD486F65763}.Release|x64.ActiveCfg = Release|Any CPU
		{E5E9ED84-EDAF-40BD-8455-1FD486F65763}.Release|x64.Build.0 = Release|Any CPU
		{E5E9ED84-EDAF-40BD-8455-1FD486F65763}.Release|x86.ActiveCfg = Release|Any CPU
		{E5E9ED84-EDAF-40BD-8455-1FD486F65763}.Release|x86.Build.0 = Release|Any CPU
		{791220D7-F513-4878-A321-1265C916C898}.Debug|Any CPU.ActiveCfg = Debug|Any CPU
		{791220D7-F513-4878-A321-1265C916C898}.Debug|Any CPU.Build.0 = Debug|Any CPU
		{791220D7-F513-4878-A321-1265C916C898}.Debug|x64.ActiveCfg = Debug|Any CPU
		{791220D7-F513-4878-A321-1265C916C898}.Debug|x64.Build.0 = Debug|Any CPU
		{791220D7-F513-4878-A321-1265C916C898}.Debug|x86.ActiveCfg = Debug|Any CPU
		{791220D7-F513-4878-A321-1265C916C898}.Debug|x86.Build.0 = Debug|Any CPU
		{791220D7-F513-4878-A321-1265C916C898}.Release|Any CPU.ActiveCfg = Release|Any CPU
		{791220D7-F513-4878-A321-1265C916C898}.Release|Any CPU.Build.0 = Release|Any CPU
		{791220D7-F513-4878-A321-1265C916C898}.Release|x64.ActiveCfg = Release|Any CPU
		{791220D7-F513-4878-A321-1265C916C898}.Release|x64.Build.0 = Release|Any CPU
		{791220D7-F513-4878-A321-1265C916C898}.Release|x86.ActiveCfg = Release|Any CPU
		{791220D7-F513-4878-A321-1265C916C898}.Release|x86.Build.0 = Release|Any CPU
		{8935F276-7F8A-4188-AF04-3530CAD6C70B}.Debug|Any CPU.ActiveCfg = Debug|Any CPU
		{8935F276-7F8A-4188-AF04-3530CAD6C70B}.Debug|Any CPU.Build.0 = Debug|Any CPU
		{8935F276-7F8A-4188-AF04-3530CAD6C70B}.Debug|x64.ActiveCfg = Debug|Any CPU
		{8935F276-7F8A-4188-AF04-3530CAD6C70B}.Debug|x64.Build.0 = Debug|Any CPU
		{8935F276-7F8A-4188-AF04-3530CAD6C70B}.Debug|x86.ActiveCfg = Debug|Any CPU
		{8935F276-7F8A-4188-AF04-3530CAD6C70B}.Debug|x86.Build.0 = Debug|Any CPU
		{8935F276-7F8A-4188-AF04-3530CAD6C70B}.Release|Any CPU.ActiveCfg = Release|Any CPU
		{8935F276-7F8A-4188-AF04-3530CAD6C70B}.Release|Any CPU.Build.0 = Release|Any CPU
		{8935F276-7F8A-4188-AF04-3530CAD6C70B}.Release|x64.ActiveCfg = Release|Any CPU
		{8935F276-7F8A-4188-AF04-3530CAD6C70B}.Release|x64.Build.0 = Release|Any CPU
		{8935F276-7F8A-4188-AF04-3530CAD6C70B}.Release|x86.ActiveCfg = Release|Any CPU
		{8935F276-7F8A-4188-AF04-3530CAD6C70B}.Release|x86.Build.0 = Release|Any CPU
		{7CE1F39C-5BFC-433B-AFAE-2C76923C5520}.Debug|Any CPU.ActiveCfg = Debug|Any CPU
		{7CE1F39C-5BFC-433B-AFAE-2C76923C5520}.Debug|Any CPU.Build.0 = Debug|Any CPU
		{7CE1F39C-5BFC-433B-AFAE-2C76923C5520}.Debug|x64.ActiveCfg = Debug|Any CPU
		{7CE1F39C-5BFC-433B-AFAE-2C76923C5520}.Debug|x64.Build.0 = Debug|Any CPU
		{7CE1F39C-5BFC-433B-AFAE-2C76923C5520}.Debug|x86.ActiveCfg = Debug|Any CPU
		{7CE1F39C-5BFC-433B-AFAE-2C76923C5520}.Debug|x86.Build.0 = Debug|Any CPU
		{7CE1F39C-5BFC-433B-AFAE-2C76923C5520}.Release|Any CPU.ActiveCfg = Release|Any CPU
		{7CE1F39C-5BFC-433B-AFAE-2C76923C5520}.Release|Any CPU.Build.0 = Release|Any CPU
		{7CE1F39C-5BFC-433B-AFAE-2C76923C5520}.Release|x64.ActiveCfg = Release|Any CPU
		{7CE1F39C-5BFC-433B-AFAE-2C76923C5520}.Release|x64.Build.0 = Release|Any CPU
		{7CE1F39C-5BFC-433B-AFAE-2C76923C5520}.Release|x86.ActiveCfg = Release|Any CPU
		{7CE1F39C-5BFC-433B-AFAE-2C76923C5520}.Release|x86.Build.0 = Release|Any CPU
	EndGlobalSection
	GlobalSection(SolutionProperties) = preSolution
		HideSolutionNode = FALSE
	EndGlobalSection
	GlobalSection(NestedProjects) = preSolution
		{99997073-88ED-4B62-9C6E-CE1A41FD92CE} = {827E0CD3-B72D-47B6-A68D-7590B98EB39B}
		{E5E9ED84-EDAF-40BD-8455-1FD486F65763} = {827E0CD3-B72D-47B6-A68D-7590B98EB39B}
		{791220D7-F513-4878-A321-1265C916C898} = {827E0CD3-B72D-47B6-A68D-7590B98EB39B}
		{8935F276-7F8A-4188-AF04-3530CAD6C70B} = {827E0CD3-B72D-47B6-A68D-7590B98EB39B}
		{7CE1F39C-5BFC-433B-AFAE-2C76923C5520} = {827E0CD3-B72D-47B6-A68D-7590B98EB39B}
	EndGlobalSection
EndGlobal
